
Microsoft Visual Studio Solution File, Format Version 12.00
# Visual Studio Version 17
VisualStudioVersion = 17.7.34024.191
MinimumVisualStudioVersion = 10.0.40219.1
Project("{FAE04EC0-301F-11D3-BF4B-00C04F79EFBC}") = "Unbound MediaMate", "Unbound MediaMate\Unbound MediaMate.csproj", "{F19F037B-51CD-4205-B9ED-DF51F6B7AD5C}"
EndProject
Project("{FAE04EC0-301F-11D3-BF4B-00C04F79EFBC}") = "testUnBound_MediaMate", "testUnBound_MediaMate\testUnBound_MediaMate.csproj", "{0BC39355-CD21-4F49-AE77-53911EF2679E}"
EndProject
Global
	GlobalSection(SolutionConfigurationPlatforms) = preSolution
		Debug|Any CPU = Debug|Any CPU
		Release|Any CPU = Release|Any CPU
	EndGlobalSection
	GlobalSection(ProjectConfigurationPlatforms) = postSolution
		{F19F037B-51CD-4205-B9ED-DF51F6B7AD5C}.Debug|Any CPU.ActiveCfg = Debug|Any CPU
		{F19F037B-51CD-4205-B9ED-DF51F6B7AD5C}.Debug|Any CPU.Build.0 = Debug|Any CPU
		{F19F037B-51CD-4205-B9ED-DF51F6B7AD5C}.Release|Any CPU.ActiveCfg = Release|Any CPU
		{F19F037B-51CD-4205-B9ED-DF51F6B7AD5C}.Release|Any CPU.Build.0 = Release|Any CPU
		{0BC39355-CD21-4F49-AE77-53911EF2679E}.Debug|Any CPU.ActiveCfg = Debug|Any CPU
		{0BC39355-CD21-4F49-AE77-53911EF2679E}.Debug|Any CPU.Build.0 = Debug|Any CPU
		{0BC39355-CD21-4F49-AE77-53911EF2679E}.Release|Any CPU.ActiveCfg = Release|Any CPU
		{0BC39355-CD21-4F49-AE77-53911EF2679E}.Release|Any CPU.Build.0 = Release|Any CPU
	EndGlobalSection
	GlobalSection(SolutionProperties) = preSolution
		HideSolutionNode = FALSE
	EndGlobalSection
	GlobalSection(ExtensibilityGlobals) = postSolution
		SolutionGuid = {7A15C0DE-C678-4D47-A682-B6074039CADB}
	EndGlobalSection
EndGlobal
